
Microsoft Visual Studio Solution File, Format Version 12.00
Project("{2150E333-8FDC-42A3-9474-1A3956D46DE8}") = "1-Inbox-Outbox", "1-Inbox-Outbox", "{6FBA30DC-A050-4283-9FDF-12942267AEEF}"
EndProject
Project("{FAE04EC0-301F-11D3-BF4B-00C04F79EFBC}") = "Inbox-Outbox-Order.API", "1-Inbox-Outbox\Inbox-Outbox-Order.API\Inbox-Outbox-Order.API.csproj", "{499D3CD5-4EA2-49D2-90DA-A2BE3AC55F88}"
EndProject
Project("{FAE04EC0-301F-11D3-BF4B-00C04F79EFBC}") = "Inbox-Outbox-Shared", "1-Inbox-Outbox\Inbox-Outbox-Shared\Inbox-Outbox-Shared.csproj", "{E7BF96DF-F082-4869-B1FD-4D86E1BB66BD}"
EndProject
Project("{FAE04EC0-301F-11D3-BF4B-00C04F79EFBC}") = "Inbox-Outbox-Order-Outbox-Table-Publisher-Service", "1-Inbox-Outbox\Inbox-Outbox-Order-Outbox-Table-Publisher-Service\Inbox-Outbox-Order-Outbox-Table-Publisher-Service.csproj", "{37CBA7C0-D634-4785-A658-8EBA3CB219F6}"
EndProject
Project("{FAE04EC0-301F-11D3-BF4B-00C04F79EFBC}") = "Inbox-Outbox-Stock.API", "1-Inbox-Outbox\Inbox-Outbox-Stock.API\Inbox-Outbox-Stock.API.csproj", "{80278B12-858E-4CE4-B80F-CAEB543C332D}"
EndProject
Project("{2150E333-8FDC-42A3-9474-1A3956D46DE8}") = "2-EventStore", "2-EventStore", "{655742F0-AA65-4107-8D5A-49479724D160}"
EndProject
Project("{FAE04EC0-301F-11D3-BF4B-00C04F79EFBC}") = "EventStore-Shared", "2-EventStore\EventStore-Shared\EventStore-Shared.csproj", "{19E57892-62D5-4A8A-A76A-8223C62E66B5}"
EndProject
Project("{FAE04EC0-301F-11D3-BF4B-00C04F79EFBC}") = "EventStore-Product-Event-Handler-Service", "2-EventStore\EventStore-Product-Event-Handler-Service\EventStore-Product-Event-Handler-Service.csproj", "{AE24F520-21EA-4D38-86B4-10FD37A51BD7}"
EndProject
Project("{FAE04EC0-301F-11D3-BF4B-00C04F79EFBC}") = "EventStore-App", "2-EventStore\EventStore-App\EventStore-App.csproj", "{380D915A-AE55-4BDA-90E5-77795771E117}"
EndProject
Project("{2150E333-8FDC-42A3-9474-1A3956D46DE8}") = "3-HealthCheck", "3-HealthCheck", "{3224CCFD-22E8-499E-9BCF-D52C950EAAB3}"
EndProject
Project("{FAE04EC0-301F-11D3-BF4B-00C04F79EFBC}") = "HealthCheck-ServiceB", "3-HealthCheck\HealthCheck-ServiceB\HealthCheck-ServiceB.csproj", "{9DD25FC7-15D6-49CC-B9D4-E3AA3E8300C7}"
EndProject
Project("{FAE04EC0-301F-11D3-BF4B-00C04F79EFBC}") = "HealthCheck-ServiceA", "3-HealthCheck\HealthCheck-ServiceA\HealthCheck-ServiceA.csproj", "{0B5F4074-5F72-43E4-ADE6-8E7113794EDC}"
EndProject
Project("{FAE04EC0-301F-11D3-BF4B-00C04F79EFBC}") = "HealthCheck-Monitoring-Service", "3-HealthCheck\HealthCheck-Monitoring-Service\HealthCheck-Monitoring-Service.csproj", "{034618A7-DCBD-4FED-B1E7-D471FB58F227}"
EndProject
Global
	GlobalSection(SolutionConfigurationPlatforms) = preSolution
		Debug|Any CPU = Debug|Any CPU
		Release|Any CPU = Release|Any CPU
	EndGlobalSection
	GlobalSection(ProjectConfigurationPlatforms) = postSolution
		{499D3CD5-4EA2-49D2-90DA-A2BE3AC55F88}.Debug|Any CPU.ActiveCfg = Debug|Any CPU
		{499D3CD5-4EA2-49D2-90DA-A2BE3AC55F88}.Debug|Any CPU.Build.0 = Debug|Any CPU
		{499D3CD5-4EA2-49D2-90DA-A2BE3AC55F88}.Release|Any CPU.ActiveCfg = Release|Any CPU
		{499D3CD5-4EA2-49D2-90DA-A2BE3AC55F88}.Release|Any CPU.Build.0 = Release|Any CPU
		{E7BF96DF-F082-4869-B1FD-4D86E1BB66BD}.Debug|Any CPU.ActiveCfg = Debug|Any CPU
		{E7BF96DF-F082-4869-B1FD-4D86E1BB66BD}.Debug|Any CPU.Build.0 = Debug|Any CPU
		{E7BF96DF-F082-4869-B1FD-4D86E1BB66BD}.Release|Any CPU.ActiveCfg = Release|Any CPU
		{E7BF96DF-F082-4869-B1FD-4D86E1BB66BD}.Release|Any CPU.Build.0 = Release|Any CPU
		{37CBA7C0-D634-4785-A658-8EBA3CB219F6}.Debug|Any CPU.ActiveCfg = Debug|Any CPU
		{37CBA7C0-D634-4785-A658-8EBA3CB219F6}.Debug|Any CPU.Build.0 = Debug|Any CPU
		{37CBA7C0-D634-4785-A658-8EBA3CB219F6}.Release|Any CPU.ActiveCfg = Release|Any CPU
		{37CBA7C0-D634-4785-A658-8EBA3CB219F6}.Release|Any CPU.Build.0 = Release|Any CPU
		{80278B12-858E-4CE4-B80F-CAEB543C332D}.Debug|Any CPU.ActiveCfg = Debug|Any CPU
		{80278B12-858E-4CE4-B80F-CAEB543C332D}.Debug|Any CPU.Build.0 = Debug|Any CPU
		{80278B12-858E-4CE4-B80F-CAEB543C332D}.Release|Any CPU.ActiveCfg = Release|Any CPU
		{80278B12-858E-4CE4-B80F-CAEB543C332D}.Release|Any CPU.Build.0 = Release|Any CPU
		{19E57892-62D5-4A8A-A76A-8223C62E66B5}.Debug|Any CPU.ActiveCfg = Debug|Any CPU
		{19E57892-62D5-4A8A-A76A-8223C62E66B5}.Debug|Any CPU.Build.0 = Debug|Any CPU
		{19E57892-62D5-4A8A-A76A-8223C62E66B5}.Release|Any CPU.ActiveCfg = Release|Any CPU
		{19E57892-62D5-4A8A-A76A-8223C62E66B5}.Release|Any CPU.Build.0 = Release|Any CPU
		{AE24F520-21EA-4D38-86B4-10FD37A51BD7}.Debug|Any CPU.ActiveCfg = Debug|Any CPU
		{AE24F520-21EA-4D38-86B4-10FD37A51BD7}.Debug|Any CPU.Build.0 = Debug|Any CPU
		{AE24F520-21EA-4D38-86B4-10FD37A51BD7}.Release|Any CPU.ActiveCfg = Release|Any CPU
		{AE24F520-21EA-4D38-86B4-10FD37A51BD7}.Release|Any CPU.Build.0 = Release|Any CPU
		{380D915A-AE55-4BDA-90E5-77795771E117}.Debug|Any CPU.ActiveCfg = Debug|Any CPU
		{380D915A-AE55-4BDA-90E5-77795771E117}.Debug|Any CPU.Build.0 = Debug|Any CPU
		{380D915A-AE55-4BDA-90E5-77795771E117}.Release|Any CPU.ActiveCfg = Release|Any CPU
		{380D915A-AE55-4BDA-90E5-77795771E117}.Release|Any CPU.Build.0 = Release|Any CPU
		{9DD25FC7-15D6-49CC-B9D4-E3AA3E8300C7}.Debug|Any CPU.ActiveCfg = Debug|Any CPU
		{9DD25FC7-15D6-49CC-B9D4-E3AA3E8300C7}.Debug|Any CPU.Build.0 = Debug|Any CPU
		{9DD25FC7-15D6-49CC-B9D4-E3AA3E8300C7}.Release|Any CPU.ActiveCfg = Release|Any CPU
		{9DD25FC7-15D6-49CC-B9D4-E3AA3E8300C7}.Release|Any CPU.Build.0 = Release|Any CPU
		{0B5F4074-5F72-43E4-ADE6-8E7113794EDC}.Debug|Any CPU.ActiveCfg = Debug|Any CPU
		{0B5F4074-5F72-43E4-ADE6-8E7113794EDC}.Debug|Any CPU.Build.0 = Debug|Any CPU
		{0B5F4074-5F72-43E4-ADE6-8E7113794EDC}.Release|Any CPU.ActiveCfg = Release|Any CPU
		{0B5F4074-5F72-43E4-ADE6-8E7113794EDC}.Release|Any CPU.Build.0 = Release|Any CPU
		{034618A7-DCBD-4FED-B1E7-D471FB58F227}.Debug|Any CPU.ActiveCfg = Debug|Any CPU
		{034618A7-DCBD-4FED-B1E7-D471FB58F227}.Debug|Any CPU.Build.0 = Debug|Any CPU
		{034618A7-DCBD-4FED-B1E7-D471FB58F227}.Release|Any CPU.ActiveCfg = Release|Any CPU
		{034618A7-DCBD-4FED-B1E7-D471FB58F227}.Release|Any CPU.Build.0 = Release|Any CPU
	EndGlobalSection
	GlobalSection(NestedProjects) = preSolution
		{499D3CD5-4EA2-49D2-90DA-A2BE3AC55F88} = {6FBA30DC-A050-4283-9FDF-12942267AEEF}
		{E7BF96DF-F082-4869-B1FD-4D86E1BB66BD} = {6FBA30DC-A050-4283-9FDF-12942267AEEF}
		{37CBA7C0-D634-4785-A658-8EBA3CB219F6} = {6FBA30DC-A050-4283-9FDF-12942267AEEF}
		{80278B12-858E-4CE4-B80F-CAEB543C332D} = {6FBA30DC-A050-4283-9FDF-12942267AEEF}
		{19E57892-62D5-4A8A-A76A-8223C62E66B5} = {655742F0-AA65-4107-8D5A-49479724D160}
		{AE24F520-21EA-4D38-86B4-10FD37A51BD7} = {655742F0-AA65-4107-8D5A-49479724D160}
		{380D915A-AE55-4BDA-90E5-77795771E117} = {655742F0-AA65-4107-8D5A-49479724D160}
		{9DD25FC7-15D6-49CC-B9D4-E3AA3E8300C7} = {3224CCFD-22E8-499E-9BCF-D52C950EAAB3}
		{0B5F4074-5F72-43E4-ADE6-8E7113794EDC} = {3224CCFD-22E8-499E-9BCF-D52C950EAAB3}
		{034618A7-DCBD-4FED-B1E7-D471FB58F227} = {3224CCFD-22E8-499E-9BCF-D52C950EAAB3}
	EndGlobalSection
EndGlobal
